
Microsoft Visual Studio Solution File, Format Version 12.00
# Visual Studio Version 17
VisualStudioVersion = 17.5.002.0
MinimumVisualStudioVersion = 10.0.40219.1
Project("{9A19103F-16F7-4668-BE54-9A1E7A4F7556}") = "aula01", "aula01\aula01.csproj", "{50AA7112-012B-440B-9915-8B8C517349B3}"
EndProject
Project("{9A19103F-16F7-4668-BE54-9A1E7A4F7556}") = "aula05", "aula05\aula05.csproj", "{FDDBFB32-3970-4450-820E-16057037A63A}"
EndProject
Project("{9A19103F-16F7-4668-BE54-9A1E7A4F7556}") = "aula04", "aula04\aula04.csproj", "{DC620FD3-EDA1-4E2A-B645-250EB87E5A5E}"
EndProject
Global
	GlobalSection(SolutionConfigurationPlatforms) = preSolution
		Debug|Any CPU = Debug|Any CPU
		Release|Any CPU = Release|Any CPU
	EndGlobalSection
	GlobalSection(ProjectConfigurationPlatforms) = postSolution
		{50AA7112-012B-440B-9915-8B8C517349B3}.Debug|Any CPU.ActiveCfg = Debug|Any CPU
		{50AA7112-012B-440B-9915-8B8C517349B3}.Debug|Any CPU.Build.0 = Debug|Any CPU
		{50AA7112-012B-440B-9915-8B8C517349B3}.Release|Any CPU.ActiveCfg = Release|Any CPU
		{50AA7112-012B-440B-9915-8B8C517349B3}.Release|Any CPU.Build.0 = Release|Any CPU
		{FDDBFB32-3970-4450-820E-16057037A63A}.Debug|Any CPU.ActiveCfg = Debug|Any CPU
		{FDDBFB32-3970-4450-820E-16057037A63A}.Debug|Any CPU.Build.0 = Debug|Any CPU
		{FDDBFB32-3970-4450-820E-16057037A63A}.Release|Any CPU.ActiveCfg = Release|Any CPU
		{FDDBFB32-3970-4450-820E-16057037A63A}.Release|Any CPU.Build.0 = Release|Any CPU
		{DC620FD3-EDA1-4E2A-B645-250EB87E5A5E}.Debug|Any CPU.ActiveCfg = Debug|Any CPU
		{DC620FD3-EDA1-4E2A-B645-250EB87E5A5E}.Debug|Any CPU.Build.0 = Debug|Any CPU
		{DC620FD3-EDA1-4E2A-B645-250EB87E5A5E}.Release|Any CPU.ActiveCfg = Release|Any CPU
		{DC620FD3-EDA1-4E2A-B645-250EB87E5A5E}.Release|Any CPU.Build.0 = Release|Any CPU
	EndGlobalSection
	GlobalSection(SolutionProperties) = preSolution
		HideSolutionNode = FALSE
	EndGlobalSection
	GlobalSection(ExtensibilityGlobals) = postSolution
		SolutionGuid = {FEC72087-B6D4-4B59-AC1D-9D0913627FA9}
	EndGlobalSection
EndGlobal
